
Microsoft Visual Studio Solution File, Format Version 12.00
# Visual Studio Version 17
VisualStudioVersion = 17.3.32922.545
MinimumVisualStudioVersion = 10.0.40219.1
Project("{FAE04EC0-301F-11D3-BF4B-00C04F79EFBC}") = "eTickets", "eTickets\eTickets.csproj", "{6E58E0AF-6451-4E72-B1BA-0C417AC7E1D1}"
EndProject
Global
	GlobalSection(SolutionConfigurationPlatforms) = preSolution
		Debug|Any CPU = Debug|Any CPU
		Release|Any CPU = Release|Any CPU
	EndGlobalSection
	GlobalSection(ProjectConfigurationPlatforms) = postSolution
		{6E58E0AF-6451-4E72-B1BA-0C417AC7E1D1}.Debug|Any CPU.ActiveCfg = Debug|Any CPU
		{6E58E0AF-6451-4E72-B1BA-0C417AC7E1D1}.Debug|Any CPU.Build.0 = Debug|Any CPU
		{6E58E0AF-6451-4E72-B1BA-0C417AC7E1D1}.Release|Any CPU.ActiveCfg = Release|Any CPU
		{6E58E0AF-6451-4E72-B1BA-0C417AC7E1D1}.Release|Any CPU.Build.0 = Release|Any CPU
	EndGlobalSection
	GlobalSection(SolutionProperties) = preSolution
		HideSolutionNode = FALSE
	EndGlobalSection
	GlobalSection(ExtensibilityGlobals) = postSolution
		SolutionGuid = {880B1A19-7ACB-4DA3-A99C-9D7ECAF6DF3A}
	EndGlobalSection
EndGlobal
